{
  "name": "code-exercise",
  "version": "1.0.0",
  "lockfileVersion": 2,
  "requires": true,
  "packages": {
    "": {
      "name": "code-exercise",
      "version": "1.0.0",
      "license": "MIT",
      "dependencies": {
        "canned": "^0.3.3"
      }
    },
    "node_modules/canned": {
      "version": "0.3.3",
      "resolved": "https://registry.npmjs.org/canned/-/canned-0.3.3.tgz",
      "integrity": "sha1-GfZageFDGYDoc4e+9QdZdihrjsw=",
      "dependencies": {
        "optimist": "~0.3.7"
      },
      "bin": {
        "canned": "bin/canned"
      },
      "engines": {
        "node": ">=0.10.3"
      }
    },
    "node_modules/optimist": {
      "version": "0.3.7",
      "resolved": "https://registry.npmjs.org/optimist/-/optimist-0.3.7.tgz",
      "integrity": "sha1-yQlBrVnkJzMokjB00s8ufLxuwNk=",
      "dependencies": {
        "wordwrap": "~0.0.2"
      }
    },
    "node_modules/wordwrap": {
      "version": "0.0.3",
      "resolved": "https://registry.npmjs.org/wordwrap/-/wordwrap-0.0.3.tgz",
      "integrity": "sha1-o9XabNXAvAAI03I0u68b7WMFkQc=",
      "engines": {
        "node": ">=0.4.0"
      }
    }
  },
  "dependencies": {
    "canned": {
      "version": "0.3.3",
      "resolved": "https://registry.npmjs.org/canned/-/canned-0.3.3.tgz",
      "integrity": "sha1-GfZageFDGYDoc4e+9QdZdihrjsw=",
      "requires": {
        "optimist": "~0.3.7"
      }
    },
    "optimist": {
      "version": "0.3.7",
      "resolved": "https://registry.npmjs.org/optimist/-/optimist-0.3.7.tgz",
      "integrity": "sha1-yQlBrVnkJzMokjB00s8ufLxuwNk=",
      "requires": {
        "wordwrap": "~0.0.2"
      }
    },
    "wordwrap": {
      "version": "0.0.3",
      "resolved": "https://registry.npmjs.org/wordwrap/-/wordwrap-0.0.3.tgz",
      "integrity": "sha1-o9XabNXAvAAI03I0u68b7WMFkQc="
    }
  }
}
