# THIS IS AN AUTOGENERATED FILE. DO NOT EDIT THIS FILE DIRECTLY.
# yarn lockfile v1


"@remix-run/router@1.3.2":
  version "1.3.2"
  resolved "https://registry.yarnpkg.com/@remix-run/router/-/router-1.3.2.tgz#58cd2bd25df2acc16c628e1b6f6150ea6c7455bc"
  integrity sha512-t54ONhl/h75X94SWsHGQ4G/ZrCEguKSRQr7DrjTciJXW0YU1QhlwYeycvK5JgkzlxmvrK7wq1NB/PLtHxoiDcA==

canned@^0.3.12:
  version "0.3.13"
  resolved "https://registry.yarnpkg.com/canned/-/canned-0.3.13.tgz#c5e849eee34e1476339b179c3f633e9a06d3e033"
  integrity sha512-15spcZo2slLNHiAy9pRnIq48pE0tsjp7QTHaHTpJP8VvWzpCpPygwVYDP4V/bQnhw5spTiWuRxKNvHWyBz5IIg==
  dependencies:
    lodash "^4.17.15"
    optimist "^0.6.0"

lodash@^4.17.15:
  version "4.17.21"
  resolved "https://registry.yarnpkg.com/lodash/-/lodash-4.17.21.tgz#679591c564c3bffaae8454cf0b3df370c3d6911c"
  integrity sha512-v2kDEe57lecTulaDIuNTPy3Ry4gLGJ6Z1O3vE1krgXZNrsQ+LFTGHVxVjcXPs17LhbZVGedAJv8XZ1tvj5FvSg==

minimist@~0.0.1:
  version "0.0.10"
  resolved "https://registry.yarnpkg.com/minimist/-/minimist-0.0.10.tgz#de3f98543dbf96082be48ad1a0c7cda836301dcf"
  integrity sha512-iotkTvxc+TwOm5Ieim8VnSNvCDjCK9S8G3scJ50ZthspSxa7jx50jkhYduuAtAjvfDUwSgOwf8+If99AlOEhyw==

optimist@^0.6.0:
  version "0.6.1"
  resolved "https://registry.yarnpkg.com/optimist/-/optimist-0.6.1.tgz#da3ea74686fa21a19a111c326e90eb15a0196686"
  integrity sha512-snN4O4TkigujZphWLN0E//nQmm7790RYaE53DdL7ZYwee2D8DDo9/EyYiKUfN3rneWUjhJnueija3G9I2i0h3g==
  dependencies:
    minimist "~0.0.1"
    wordwrap "~0.0.2"

react-router-dom@^6.8.1:
  version "6.8.1"
  resolved "https://registry.yarnpkg.com/react-router-dom/-/react-router-dom-6.8.1.tgz#7e136b67d9866f55999e9a8482c7008e3c575ac9"
  integrity sha512-67EXNfkQgf34P7+PSb6VlBuaacGhkKn3kpE51+P6zYSG2kiRoumXEL6e27zTa9+PGF2MNXbgIUHTVlleLbIcHQ==
  dependencies:
    "@remix-run/router" "1.3.2"
    react-router "6.8.1"

react-router@6.8.1:
  version "6.8.1"
  resolved "https://registry.yarnpkg.com/react-router/-/react-router-6.8.1.tgz#e362caf93958a747c649be1b47cd505cf28ca63e"
  integrity sha512-Jgi8BzAJQ8MkPt8ipXnR73rnD7EmZ0HFFb7jdQU24TynGW1Ooqin2KVDN9voSC+7xhqbbCd2cjGUepb6RObnyg==
  dependencies:
    "@remix-run/router" "1.3.2"

wordwrap@~0.0.2:
  version "0.0.3"
  resolved "https://registry.yarnpkg.com/wordwrap/-/wordwrap-0.0.3.tgz#a3d5da6cd5c0bc0008d37234bbaf1bed63059107"
  integrity sha512-1tMA907+V4QmxV7dbRvb4/8MaRALK6q9Abid3ndMYnbyo8piisCmeONVqVSXqQA3KaP4SLt5b7ud6E2sqP8TFw==
